
Microsoft Visual Studio Solution File, Format Version 12.00
# Visual Studio Version 17
VisualStudioVersion = 17.4.33213.308
MinimumVisualStudioVersion = 10.0.40219.1
Project("{FAE04EC0-301F-11D3-BF4B-00C04F79EFBC}") = "ProductManagement", "ProductManagement.csproj", "{175B6048-CB88-4AA9-82B2-53C27307C650}"
EndProject
Global
	GlobalSection(SolutionConfigurationPlatforms) = preSolution
		Debug|Any CPU = Debug|Any CPU
		Release|Any CPU = Release|Any CPU
	EndGlobalSection
	GlobalSection(ProjectConfigurationPlatforms) = postSolution
		{175B6048-CB88-4AA9-82B2-53C27307C650}.Debug|Any CPU.ActiveCfg = Debug|Any CPU
		{175B6048-CB88-4AA9-82B2-53C27307C650}.Debug|Any CPU.Build.0 = Debug|Any CPU
		{175B6048-CB88-4AA9-82B2-53C27307C650}.Release|Any CPU.ActiveCfg = Release|Any CPU
		{175B6048-CB88-4AA9-82B2-53C27307C650}.Release|Any CPU.Build.0 = Release|Any CPU
	EndGlobalSection
	GlobalSection(SolutionProperties) = preSolution
		HideSolutionNode = FALSE
	EndGlobalSection
	GlobalSection(ExtensibilityGlobals) = postSolution
		SolutionGuid = {E7E9A865-BFAF-47F9-BA89-006469F070E7}
	EndGlobalSection
EndGlobal
